
Microsoft Visual Studio Solution File, Format Version 12.00
# Visual Studio 2012
Project("{FAE04EC0-301F-11D3-BF4B-00C04F79EFBC}") = "DeclaringConstants", "DeclaringConstants.csproj", "{25F05A31-63E6-4C3C-A0F7-F6B50878C07E}"
EndProject
Global
	GlobalSection(SolutionConfigurationPlatforms) = preSolution
		Debug|x86 = Debug|x86
		Release|x86 = Release|x86
	EndGlobalSection
	GlobalSection(ProjectConfigurationPlatforms) = postSolution
		{25F05A31-63E6-4C3C-A0F7-F6B50878C07E}.Debug|x86.ActiveCfg = Debug|x86
		{25F05A31-63E6-4C3C-A0F7-F6B50878C07E}.Debug|x86.Build.0 = Debug|x86
		{25F05A31-63E6-4C3C-A0F7-F6B50878C07E}.Release|x86.ActiveCfg = Release|x86
		{25F05A31-63E6-4C3C-A0F7-F6B50878C07E}.Release|x86.Build.0 = Release|x86
	EndGlobalSection
EndGlobal
