
Microsoft Visual Studio Solution File, Format Version 12.00
# Visual Studio 2012
Project("{FAE04EC0-301F-11D3-BF4B-00C04F79EFBC}") = "RectangleApplication", "RectangleApplication.csproj", "{A5690C32-1903-4DD9-B8E7-E2AFFB4E526A}"
EndProject
Global
	GlobalSection(SolutionConfigurationPlatforms) = preSolution
		Debug|x86 = Debug|x86
		Release|x86 = Release|x86
	EndGlobalSection
	GlobalSection(ProjectConfigurationPlatforms) = postSolution
		{A5690C32-1903-4DD9-B8E7-E2AFFB4E526A}.Debug|x86.ActiveCfg = Debug|x86
		{A5690C32-1903-4DD9-B8E7-E2AFFB4E526A}.Debug|x86.Build.0 = Debug|x86
		{A5690C32-1903-4DD9-B8E7-E2AFFB4E526A}.Release|x86.ActiveCfg = Release|x86
		{A5690C32-1903-4DD9-B8E7-E2AFFB4E526A}.Release|x86.Build.0 = Release|x86
	EndGlobalSection
EndGlobal
